
Microsoft Visual Studio Solution File, Format Version 12.00
# Visual Studio Version 16
VisualStudioVersion = 16.0.29215.179
MinimumVisualStudioVersion = 10.0.40219.1
Project("{FAE04EC0-301F-11D3-BF4B-00C04F79EFBC}") = "ProjectMigrationHelper", "ProjectMigrationHelper\ProjectMigrationHelper.csproj", "{47C04FD9-506F-4EEF-ABBD-6D7C8CF6A56C}"
EndProject
Project("{2150E333-8FDC-42A3-9474-1A3956D46DE8}") = "Solution Items", "Solution Items", "{35B139EA-C72C-4E84-A638-C21347D983F2}"
	ProjectSection(SolutionItems) = preProject
		License = License
		Readme.md = Readme.md
		SampleDiff.png = SampleDiff.png
	EndProjectSection
EndProject
Global
	GlobalSection(SolutionConfigurationPlatforms) = preSolution
		Debug|Any CPU = Debug|Any CPU
		Release|Any CPU = Release|Any CPU
	EndGlobalSection
	GlobalSection(ProjectConfigurationPlatforms) = postSolution
		{47C04FD9-506F-4EEF-ABBD-6D7C8CF6A56C}.Debug|Any CPU.ActiveCfg = Debug|Any CPU
		{47C04FD9-506F-4EEF-ABBD-6D7C8CF6A56C}.Debug|Any CPU.Build.0 = Debug|Any CPU
		{47C04FD9-506F-4EEF-ABBD-6D7C8CF6A56C}.Release|Any CPU.ActiveCfg = Release|Any CPU
		{47C04FD9-506F-4EEF-ABBD-6D7C8CF6A56C}.Release|Any CPU.Build.0 = Release|Any CPU
	EndGlobalSection
	GlobalSection(SolutionProperties) = preSolution
		HideSolutionNode = FALSE
	EndGlobalSection
	GlobalSection(ExtensibilityGlobals) = postSolution
		SolutionGuid = {5A19F338-9032-4E1B-82C7-4FCA28114056}
	EndGlobalSection
EndGlobal
